
Microsoft Visual Studio Solution File, Format Version 12.00
# Visual Studio Version 16
VisualStudioVersion = 16.0.31702.278
MinimumVisualStudioVersion = 10.0.40219.1
Project("{9A19103F-16F7-4668-BE54-9A1E7A4F7556}") = "Entidades", "Entidades\Entidades.csproj", "{FACB7F1B-54AB-4111-869B-FDB03A36B667}"
EndProject
Project("{9A19103F-16F7-4668-BE54-9A1E7A4F7556}") = "MiCalculadora", "MiCalculadora\MiCalculadora.csproj", "{B61AEE26-61C8-44B3-AF39-443FCED467C8}"
	ProjectSection(ProjectDependencies) = postProject
		{FACB7F1B-54AB-4111-869B-FDB03A36B667} = {FACB7F1B-54AB-4111-869B-FDB03A36B667}
	EndProjectSection
EndProject
Global
	GlobalSection(SolutionConfigurationPlatforms) = preSolution
		Debug|Any CPU = Debug|Any CPU
		Release|Any CPU = Release|Any CPU
	EndGlobalSection
	GlobalSection(ProjectConfigurationPlatforms) = postSolution
		{FACB7F1B-54AB-4111-869B-FDB03A36B667}.Debug|Any CPU.ActiveCfg = Debug|Any CPU
		{FACB7F1B-54AB-4111-869B-FDB03A36B667}.Debug|Any CPU.Build.0 = Debug|Any CPU
		{FACB7F1B-54AB-4111-869B-FDB03A36B667}.Release|Any CPU.ActiveCfg = Release|Any CPU
		{FACB7F1B-54AB-4111-869B-FDB03A36B667}.Release|Any CPU.Build.0 = Release|Any CPU
		{B61AEE26-61C8-44B3-AF39-443FCED467C8}.Debug|Any CPU.ActiveCfg = Debug|Any CPU
		{B61AEE26-61C8-44B3-AF39-443FCED467C8}.Debug|Any CPU.Build.0 = Debug|Any CPU
		{B61AEE26-61C8-44B3-AF39-443FCED467C8}.Release|Any CPU.ActiveCfg = Release|Any CPU
		{B61AEE26-61C8-44B3-AF39-443FCED467C8}.Release|Any CPU.Build.0 = Release|Any CPU
	EndGlobalSection
	GlobalSection(SolutionProperties) = preSolution
		HideSolutionNode = FALSE
	EndGlobalSection
	GlobalSection(ExtensibilityGlobals) = postSolution
		SolutionGuid = {9DD7D21B-3AA6-4C1C-A9C8-51ED4C14446E}
	EndGlobalSection
EndGlobal
